{
  "originHash" : "653c63ac06a68551e1a5b5205e207221b56c7676e88dceceeda7abdf085997aa",
  "pins" : [
    {
      "identity" : "keychain-swift",
      "kind" : "remoteSourceControl",
      "location" : "https://github.com/evgenyneu/keychain-swift.git",
      "state" : {
        "revision" : "5e1b02b6a9dac2a759a1d5dbc175c86bd192a608",
        "version" : "24.0.0"
      }
    },
    {
      "identity" : "maplibre-gl-native-distribution",
      "kind" : "remoteSourceControl",
      "location" : "https://github.com/maplibre/maplibre-gl-native-distribution",
      "state" : {
        "revision" : "0421942023155bd1c8074438945fbef3a3472a2c",
        "version" : "6.15.0"
      }
    }
  ],
  "version" : 3
}
